
Microsoft Visual Studio Solution File, Format Version 12.00
# Visual Studio Version 17
VisualStudioVersion = 17.6.33801.468
MinimumVisualStudioVersion = 10.0.40219.1
Project("{FAE04EC0-301F-11D3-BF4B-00C04F79EFBC}") = "AdventOfCode2023", "AdventOfCode2023\AdventOfCode2023.csproj", "{0E0848C0-AECF-43DD-82A4-A00FE13FAA59}"
EndProject
Global
	GlobalSection(SolutionConfigurationPlatforms) = preSolution
		Debug|Any CPU = Debug|Any CPU
		Release|Any CPU = Release|Any CPU
	EndGlobalSection
	GlobalSection(ProjectConfigurationPlatforms) = postSolution
		{0E0848C0-AECF-43DD-82A4-A00FE13FAA59}.Debug|Any CPU.ActiveCfg = Debug|Any CPU
		{0E0848C0-AECF-43DD-82A4-A00FE13FAA59}.Debug|Any CPU.Build.0 = Debug|Any CPU
		{0E0848C0-AECF-43DD-82A4-A00FE13FAA59}.Release|Any CPU.ActiveCfg = Release|Any CPU
		{0E0848C0-AECF-43DD-82A4-A00FE13FAA59}.Release|Any CPU.Build.0 = Release|Any CPU
	EndGlobalSection
	GlobalSection(SolutionProperties) = preSolution
		HideSolutionNode = FALSE
	EndGlobalSection
	GlobalSection(ExtensibilityGlobals) = postSolution
		SolutionGuid = {AF3927E1-EEB9-4F9E-B4CE-1ECC57491D5C}
	EndGlobalSection
EndGlobal
